{
  "name": "medium-highlighter",
  "version": "1.0.0",
  "lockfileVersion": 3,
  "requires": true,
  "packages": {
    "": {
      "name": "medium-highlighter",
      "version": "1.0.0",
      "license": "ISC",
      "dependencies": {
        "@webcomponents/custom-elements": "^1.4.3"
      }
    },
    "node_modules/@webcomponents/custom-elements": {
      "version": "1.4.3",
      "resolved": "https://registry.npmjs.org/@webcomponents/custom-elements/-/custom-elements-1.4.3.tgz",
      "integrity": "sha512-iD0YW46SreUQANGccywK/eC+gZELNHocZZrY2fGwrIlx/biQOTkAF9IohisibHbrmIHmA9pVCIdGwzfO+W0gig=="
    }
  }
}
