# THIS IS AN AUTOGENERATED FILE. DO NOT EDIT THIS FILE DIRECTLY.
# yarn lockfile v1


"@webcomponents/custom-elements@^1.4.3":
  version "1.4.3"
  resolved "https://registry.npmjs.org/@webcomponents/custom-elements/-/custom-elements-1.4.3.tgz"
  integrity sha512-iD0YW46SreUQANGccywK/eC+gZELNHocZZrY2fGwrIlx/biQOTkAF9IohisibHbrmIHmA9pVCIdGwzfO+W0gig==
